
Microsoft Visual Studio Solution File, Format Version 12.00
# Visual Studio Version 16
VisualStudioVersion = 16.0.29215.179
MinimumVisualStudioVersion = 10.0.40219.1
Project("{FAE04EC0-301F-11D3-BF4B-00C04F79EFBC}") = "AnnieMoreno_MIS4200", "AnnieMoreno_MIS4200.csproj", "{CC1FE11B-EE11-4576-AF6C-6762EE359635}"
EndProject
Global
	GlobalSection(SolutionConfigurationPlatforms) = preSolution
		Debug|Any CPU = Debug|Any CPU
		Release|Any CPU = Release|Any CPU
	EndGlobalSection
	GlobalSection(ProjectConfigurationPlatforms) = postSolution
		{CC1FE11B-EE11-4576-AF6C-6762EE359635}.Debug|Any CPU.ActiveCfg = Debug|Any CPU
		{CC1FE11B-EE11-4576-AF6C-6762EE359635}.Debug|Any CPU.Build.0 = Debug|Any CPU
		{CC1FE11B-EE11-4576-AF6C-6762EE359635}.Release|Any CPU.ActiveCfg = Release|Any CPU
		{CC1FE11B-EE11-4576-AF6C-6762EE359635}.Release|Any CPU.Build.0 = Release|Any CPU
	EndGlobalSection
	GlobalSection(SolutionProperties) = preSolution
		HideSolutionNode = FALSE
	EndGlobalSection
	GlobalSection(ExtensibilityGlobals) = postSolution
		SolutionGuid = {6375B618-9F70-4ED5-8EC6-BD9A15FE04C0}
	EndGlobalSection
EndGlobal
